// !$*UTF8*$!
{
	archiveVersion = 1;
	classes = {
	};
	objectVersion = 50;
	objects = {

/* Begin PBXBuildFile section */
		DC1AE4C925D848F100AC3FA1 /* TripCardStickers StickerPackExtension.appex in Embed App Extensions */ = {isa = PBXBuildFile; fileRef = DC1AE4C825D848F100AC3FA1 /* TripCardStickers StickerPackExtension.appex */; settings = {ATTRIBUTES = (RemoveHeadersOnCopy, ); }; };
		DC1AE4CD25D848F100AC3FA1 /* Stickers.xcstickers in Resources */ = {isa = PBXBuildFile; fileRef = DC1AE4CC25D848F100AC3FA1 /* Stickers.xcstickers */; };
		DC1AE4CE25D848F100AC3FA1 /* Stickers.xcstickers in Resources */ = {isa = PBXBuildFile; fileRef = DC1AE4CC25D848F100AC3FA1 /* Stickers.xcstickers */; };
		DC653E7C25C2F2640001AFFE /* TripCollectionViewCell.swift in Sources */ = {isa = PBXBuildFile; fileRef = DC653E7B25C2F2640001AFFE /* TripCollectionViewCell.swift */; };
		DC653E8025C2F3710001AFFE /* Trip.swift in Sources */ = {isa = PBXBuildFile; fileRef = DC653E7F25C2F3710001AFFE /* Trip.swift */; };
		DCEEC55B25C2E9670019FBBE /* AppDelegate.swift in Sources */ = {isa = PBXBuildFile; fileRef = DCEEC55A25C2E9670019FBBE /* AppDelegate.swift */; };
		DCEEC55D25C2E9670019FBBE /* SceneDelegate.swift in Sources */ = {isa = PBXBuildFile; fileRef = DCEEC55C25C2E9670019FBBE /* SceneDelegate.swift */; };
		DCEEC55F25C2E9670019FBBE /* ViewController.swift in Sources */ = {isa = PBXBuildFile; fileRef = DCEEC55E25C2E9670019FBBE /* ViewController.swift */; };
		DCEEC56225C2E9670019FBBE /* Main.storyboard in Resources */ = {isa = PBXBuildFile; fileRef = DCEEC56025C2E9670019FBBE /* Main.storyboard */; };
		DCEEC56425C2E9680019FBBE /* Assets.xcassets in Resources */ = {isa = PBXBuildFile; fileRef = DCEEC56325C2E9680019FBBE /* Assets.xcassets */; };
		DCEEC56725C2E9680019FBBE /* LaunchScreen.storyboard in Resources */ = {isa = PBXBuildFile; fileRef = DCEEC56525C2E9680019FBBE /* LaunchScreen.storyboard */; };
/* End PBXBuildFile section */

/* Begin PBXContainerItemProxy section */
		DC1AE4CA25D848F100AC3FA1 /* PBXContainerItemProxy */ = {
			isa = PBXContainerItemProxy;
			containerPortal = DCEEC54F25C2E9670019FBBE /* Project object */;
			proxyType = 1;
			remoteGlobalIDString = DC1AE4C725D848F100AC3FA1;
			remoteInfo = "TripCardStickers StickerPackExtension";
		};
/* End PBXContainerItemProxy section */

/* Begin PBXCopyFilesBuildPhase section */
		DC1AE4D125D848F100AC3FA1 /* Embed App Extensions */ = {
			isa = PBXCopyFilesBuildPhase;
			buildActionMask = 2147483647;
			dstPath = "";
			dstSubfolderSpec = 13;
			files = (
				DC1AE4C925D848F100AC3FA1 /* TripCardStickers StickerPackExtension.appex in Embed App Extensions */,
			);
			name = "Embed App Extensions";
			runOnlyForDeploymentPostprocessing = 0;
		};
/* End PBXCopyFilesBuildPhase section */

/* Begin PBXFileReference section */
		DC1AE4C525D848F100AC3FA1 /* TripCardStickers.app */ = {isa = PBXFileReference; explicitFileType = wrapper.application; includeInIndex = 0; path = TripCardStickers.app; sourceTree = BUILT_PRODUCTS_DIR; };
		DC1AE4C825D848F100AC3FA1 /* TripCardStickers StickerPackExtension.appex */ = {isa = PBXFileReference; explicitFileType = "wrapper.app-extension"; includeInIndex = 0; path = "TripCardStickers StickerPackExtension.appex"; sourceTree = BUILT_PRODUCTS_DIR; };
		DC1AE4CC25D848F100AC3FA1 /* Stickers.xcstickers */ = {isa = PBXFileReference; lastKnownFileType = folder.stickers; name = Stickers.xcstickers; path = "TripCardStickers StickerPackExtension/Stickers.xcstickers"; sourceTree = "<group>"; };
		DC653E7B25C2F2640001AFFE /* TripCollectionViewCell.swift */ = {isa = PBXFileReference; lastKnownFileType = sourcecode.swift; path = TripCollectionViewCell.swift; sourceTree = "<group>"; };
		DC653E7F25C2F3710001AFFE /* Trip.swift */ = {isa = PBXFileReference; lastKnownFileType = sourcecode.swift; path = Trip.swift; sourceTree = "<group>"; };
		DCEEC55725C2E9670019FBBE /* TripCard.app */ = {isa = PBXFileReference; explicitFileType = wrapper.application; includeInIndex = 0; path = TripCard.app; sourceTree = BUILT_PRODUCTS_DIR; };
		DCEEC55A25C2E9670019FBBE /* AppDelegate.swift */ = {isa = PBXFileReference; lastKnownFileType = sourcecode.swift; path = AppDelegate.swift; sourceTree = "<group>"; };
		DCEEC55C25C2E9670019FBBE /* SceneDelegate.swift */ = {isa = PBXFileReference; lastKnownFileType = sourcecode.swift; path = SceneDelegate.swift; sourceTree = "<group>"; };
		DCEEC55E25C2E9670019FBBE /* ViewController.swift */ = {isa = PBXFileReference; lastKnownFileType = sourcecode.swift; path = ViewController.swift; sourceTree = "<group>"; };
		DCEEC56125C2E9670019FBBE /* Base */ = {isa = PBXFileReference; lastKnownFileType = file.storyboard; name = Base; path = Base.lproj/Main.storyboard; sourceTree = "<group>"; };
		DCEEC56325C2E9680019FBBE /* Assets.xcassets */ = {isa = PBXFileReference; lastKnownFileType = folder.assetcatalog; path = Assets.xcassets; sourceTree = "<group>"; };
		DCEEC56625C2E9680019FBBE /* Base */ = {isa = PBXFileReference; lastKnownFileType = file.storyboard; name = Base; path = Base.lproj/LaunchScreen.storyboard; sourceTree = "<group>"; };
		DCEEC56825C2E9680019FBBE /* Info.plist */ = {isa = PBXFileReference; lastKnownFileType = text.plist.xml; path = Info.plist; sourceTree = "<group>"; };
/* End PBXFileReference section */

/* Begin PBXFrameworksBuildPhase section */
		DCEEC55425C2E9670019FBBE /* Frameworks */ = {
			isa = PBXFrameworksBuildPhase;
			buildActionMask = 2147483647;
			files = (
			);
			runOnlyForDeploymentPostprocessing = 0;
		};
/* End PBXFrameworksBuildPhase section */

/* Begin PBXGroup section */
		DCEEC54E25C2E9670019FBBE = {
			isa = PBXGroup;
			children = (
				DC1AE4CC25D848F100AC3FA1 /* Stickers.xcstickers */,
				DCEEC55925C2E9670019FBBE /* TripCard */,
				DCEEC55825C2E9670019FBBE /* Products */,
			);
			sourceTree = "<group>";
		};
		DCEEC55825C2E9670019FBBE /* Products */ = {
			isa = PBXGroup;
			children = (
				DCEEC55725C2E9670019FBBE /* TripCard.app */,
				DC1AE4C525D848F100AC3FA1 /* TripCardStickers.app */,
				DC1AE4C825D848F100AC3FA1 /* TripCardStickers StickerPackExtension.appex */,
			);
			name = Products;
			sourceTree = "<group>";
		};
		DCEEC55925C2E9670019FBBE /* TripCard */ = {
			isa = PBXGroup;
			children = (
				DCEEC55A25C2E9670019FBBE /* AppDelegate.swift */,
				DCEEC55C25C2E9670019FBBE /* SceneDelegate.swift */,
				DCEEC55E25C2E9670019FBBE /* ViewController.swift */,
				DC653E7B25C2F2640001AFFE /* TripCollectionViewCell.swift */,
				DCEEC56025C2E9670019FBBE /* Main.storyboard */,
				DCEEC56325C2E9680019FBBE /* Assets.xcassets */,
				DCEEC56525C2E9680019FBBE /* LaunchScreen.storyboard */,
				DCEEC56825C2E9680019FBBE /* Info.plist */,
				DC653E7F25C2F3710001AFFE /* Trip.swift */,
			);
			path = TripCard;
			sourceTree = "<group>";
		};
/* End PBXGroup section */

/* Begin PBXNativeTarget section */
		DC1AE4C425D848F100AC3FA1 /* TripCardStickers */ = {
			isa = PBXNativeTarget;
			buildConfigurationList = DC1AE4D525D848F100AC3FA1 /* Build configuration list for PBXNativeTarget "TripCardStickers" */;
			buildPhases = (
				DC1AE4C325D848F100AC3FA1 /* Resources */,
				DC1AE4D125D848F100AC3FA1 /* Embed App Extensions */,
			);
			buildRules = (
			);
			dependencies = (
				DC1AE4CB25D848F100AC3FA1 /* PBXTargetDependency */,
			);
			name = TripCardStickers;
			productName = TripCardStickers;
			productReference = DC1AE4C525D848F100AC3FA1 /* TripCardStickers.app */;
			productType = "com.apple.product-type.application.messages";
		};
		DC1AE4C725D848F100AC3FA1 /* TripCardStickers StickerPackExtension */ = {
			isa = PBXNativeTarget;
			buildConfigurationList = DC1AE4D425D848F100AC3FA1 /* Build configuration list for PBXNativeTarget "TripCardStickers StickerPackExtension" */;
			buildPhases = (
				DC1AE4C625D848F100AC3FA1 /* Resources */,
			);
			buildRules = (
			);
			dependencies = (
			);
			name = "TripCardStickers StickerPackExtension";
			productName = "TripCardStickers StickerPackExtension";
			productReference = DC1AE4C825D848F100AC3FA1 /* TripCardStickers StickerPackExtension.appex */;
			productType = "com.apple.product-type.app-extension.messages-sticker-pack";
		};
		DCEEC55625C2E9670019FBBE /* TripCard */ = {
			isa = PBXNativeTarget;
			buildConfigurationList = DCEEC56B25C2E9680019FBBE /* Build configuration list for PBXNativeTarget "TripCard" */;
			buildPhases = (
				DCEEC55325C2E9670019FBBE /* Sources */,
				DCEEC55425C2E9670019FBBE /* Frameworks */,
				DCEEC55525C2E9670019FBBE /* Resources */,
			);
			buildRules = (
			);
			dependencies = (
			);
			name = TripCard;
			productName = TripCard;
			productReference = DCEEC55725C2E9670019FBBE /* TripCard.app */;
			productType = "com.apple.product-type.application";
		};
/* End PBXNativeTarget section */

/* Begin PBXProject section */
		DCEEC54F25C2E9670019FBBE /* Project object */ = {
			isa = PBXProject;
			attributes = {
				LastSwiftUpdateCheck = 1240;
				LastUpgradeCheck = 1240;
				TargetAttributes = {
					DC1AE4C425D848F100AC3FA1 = {
						CreatedOnToolsVersion = 12.4;
					};
					DC1AE4C725D848F100AC3FA1 = {
						CreatedOnToolsVersion = 12.4;
					};
					DCEEC55625C2E9670019FBBE = {
						CreatedOnToolsVersion = 12.4;
					};
				};
			};
			buildConfigurationList = DCEEC55225C2E9670019FBBE /* Build configuration list for PBXProject "TripCard" */;
			compatibilityVersion = "Xcode 9.3";
			developmentRegion = en;
			hasScannedForEncodings = 0;
			knownRegions = (
				en,
				Base,
			);
			mainGroup = DCEEC54E25C2E9670019FBBE;
			productRefGroup = DCEEC55825C2E9670019FBBE /* Products */;
			projectDirPath = "";
			projectRoot = "";
			targets = (
				DCEEC55625C2E9670019FBBE /* TripCard */,
				DC1AE4C425D848F100AC3FA1 /* TripCardStickers */,
				DC1AE4C725D848F100AC3FA1 /* TripCardStickers StickerPackExtension */,
			);
		};
/* End PBXProject section */

/* Begin PBXResourcesBuildPhase section */
		DC1AE4C325D848F100AC3FA1 /* Resources */ = {
			isa = PBXResourcesBuildPhase;
			buildActionMask = 2147483647;
			files = (
				DC1AE4CE25D848F100AC3FA1 /* Stickers.xcstickers in Resources */,
			);
			runOnlyForDeploymentPostprocessing = 0;
		};
		DC1AE4C625D848F100AC3FA1 /* Resources */ = {
			isa = PBXResourcesBuildPhase;
			buildActionMask = 2147483647;
			files = (
				DC1AE4CD25D848F100AC3FA1 /* Stickers.xcstickers in Resources */,
			);
			runOnlyForDeploymentPostprocessing = 0;
		};
		DCEEC55525C2E9670019FBBE /* Resources */ = {
			isa = PBXResourcesBuildPhase;
			buildActionMask = 2147483647;
			files = (
				DCEEC56725C2E9680019FBBE /* LaunchScreen.storyboard in Resources */,
				DCEEC56425C2E9680019FBBE /* Assets.xcassets in Resources */,
				DCEEC56225C2E9670019FBBE /* Main.storyboard in Resources */,
			);
			runOnlyForDeploymentPostprocessing = 0;
		};
/* End PBXResourcesBuildPhase section */

/* Begin PBXSourcesBuildPhase section */
		DCEEC55325C2E9670019FBBE /* Sources */ = {
			isa = PBXSourcesBuildPhase;
			buildActionMask = 2147483647;
			files = (
				DC653E8025C2F3710001AFFE /* Trip.swift in Sources */,
				DCEEC55F25C2E9670019FBBE /* ViewController.swift in Sources */,
				DC653E7C25C2F2640001AFFE /* TripCollectionViewCell.swift in Sources */,
				DCEEC55B25C2E9670019FBBE /* AppDelegate.swift in Sources */,
				DCEEC55D25C2E9670019FBBE /* SceneDelegate.swift in Sources */,
			);
			runOnlyForDeploymentPostprocessing = 0;
		};
/* End PBXSourcesBuildPhase section */

/* Begin PBXTargetDependency section */
		DC1AE4CB25D848F100AC3FA1 /* PBXTargetDependency */ = {
			isa = PBXTargetDependency;
			target = DC1AE4C725D848F100AC3FA1 /* TripCardStickers StickerPackExtension */;
			targetProxy = DC1AE4CA25D848F100AC3FA1 /* PBXContainerItemProxy */;
		};
/* End PBXTargetDependency section */

/* Begin PBXVariantGroup section */
		DCEEC56025C2E9670019FBBE /* Main.storyboard */ = {
			isa = PBXVariantGroup;
			children = (
				DCEEC56125C2E9670019FBBE /* Base */,
			);
			name = Main.storyboard;
			sourceTree = "<group>";
		};
		DCEEC56525C2E9680019FBBE /* LaunchScreen.storyboard */ = {
			isa = PBXVariantGroup;
			children = (
				DCEEC56625C2E9680019FBBE /* Base */,
			);
			name = LaunchScreen.storyboard;
			sourceTree = "<group>";
		};
/* End PBXVariantGroup section */

/* Begin XCBuildConfiguration section */
		DC1AE4CF25D848F100AC3FA1 /* Debug */ = {
			isa = XCBuildConfiguration;
			buildSettings = {
				ASSETCATALOG_COMPILER_APPICON_NAME = "iMessage App Icon";
				CODE_SIGN_STYLE = Automatic;
				DEVELOPMENT_TEAM = 2ZY3SQBRC4;
				INFOPLIST_FILE = TripCardStickers/Info.plist;
				IPHONEOS_DEPLOYMENT_TARGET = 10.0;
				PRODUCT_BUNDLE_IDENTIFIER = com.koptev.TripCardStickers;
				PRODUCT_NAME = "$(TARGET_NAME)";
				TARGETED_DEVICE_FAMILY = "1,2";
			};
			name = Debug;
		};
		DC1AE4D025D848F100AC3FA1 /* Release */ = {
			isa = XCBuildConfiguration;
			buildSettings = {
				ASSETCATALOG_COMPILER_APPICON_NAME = "iMessage App Icon";
				CODE_SIGN_STYLE = Automatic;
				DEVELOPMENT_TEAM = 2ZY3SQBRC4;
				INFOPLIST_FILE = TripCardStickers/Info.plist;
				IPHONEOS_DEPLOYMENT_TARGET = 10.0;
				PRODUCT_BUNDLE_IDENTIFIER = com.koptev.TripCardStickers;
				PRODUCT_NAME = "$(TARGET_NAME)";
				TARGETED_DEVICE_FAMILY = "1,2";
			};
			name = Release;
		};
		DC1AE4D225D848F100AC3FA1 /* Debug */ = {
			isa = XCBuildConfiguration;
			buildSettings = {
				ASSETCATALOG_COMPILER_APPICON_NAME = "iMessage App Icon";
				CODE_SIGN_STYLE = Automatic;
				DEVELOPMENT_TEAM = 2ZY3SQBRC4;
				INFOPLIST_FILE = "TripCardStickers StickerPackExtension/Info.plist";
				IPHONEOS_DEPLOYMENT_TARGET = 10.0;
				PRODUCT_BUNDLE_IDENTIFIER = com.koptev.TripCardStickers.StickerPackExtension;
				PRODUCT_NAME = "$(TARGET_NAME)";
				SKIP_INSTALL = YES;
				TARGETED_DEVICE_FAMILY = "1,2";
			};
			name = Debug;
		};
		DC1AE4D325D848F100AC3FA1 /* Release */ = {
			isa = XCBuildConfiguration;
			buildSettings = {
				ASSETCATALOG_COMPILER_APPICON_NAME = "iMessage App Icon";
				CODE_SIGN_STYLE = Automatic;
				DEVELOPMENT_TEAM = 2ZY3SQBRC4;
				INFOPLIST_FILE = "TripCardStickers StickerPackExtension/Info.plist";
				IPHONEOS_DEPLOYMENT_TARGET = 10.0;
				PRODUCT_BUNDLE_IDENTIFIER = com.koptev.TripCardStickers.StickerPackExtension;
				PRODUCT_NAME = "$(TARGET_NAME)";
				SKIP_INSTALL = YES;
				TARGETED_DEVICE_FAMILY = "1,2";
			};
			name = Release;
		};
		DCEEC56925C2E9680019FBBE /* Debug */ = {
			isa = XCBuildConfiguration;
			buildSettings = {
				ALWAYS_SEARCH_USER_PATHS = NO;
				CLANG_ANALYZER_NONNULL = YES;
				CLANG_ANALYZER_NUMBER_OBJECT_CONVERSION = YES_AGGRESSIVE;
				CLANG_CXX_LANGUAGE_STANDARD = "gnu++14";
				CLANG_CXX_LIBRARY = "libc++";
				CLANG_ENABLE_MODULES = YES;
				CLANG_ENABLE_OBJC_ARC = YES;
				CLANG_ENABLE_OBJC_WEAK = YES;
				CLANG_WARN_BLOCK_CAPTURE_AUTORELEASING = YES;
				CLANG_WARN_BOOL_CONVERSION = YES;
				CLANG_WARN_COMMA = YES;
				CLANG_WARN_CONSTANT_CONVERSION = YES;
				CLANG_WARN_DEPRECATED_OBJC_IMPLEMENTATIONS = YES;
				CLANG_WARN_DIRECT_OBJC_ISA_USAGE = YES_ERROR;
				CLANG_WARN_DOCUMENTATION_COMMENTS = YES;
				CLANG_WARN_EMPTY_BODY = YES;
				CLANG_WARN_ENUM_CONVERSION = YES;
				CLANG_WARN_INFINITE_RECURSION = YES;
				CLANG_WARN_INT_CONVERSION = YES;
				CLANG_WARN_NON_LITERAL_NULL_CONVERSION = YES;
				CLANG_WARN_OBJC_IMPLICIT_RETAIN_SELF = YES;
				CLANG_WARN_OBJC_LITERAL_CONVERSION = YES;
				CLANG_WARN_OBJC_ROOT_CLASS = YES_ERROR;
				CLANG_WARN_QUOTED_INCLUDE_IN_FRAMEWORK_HEADER = YES;
				CLANG_WARN_RANGE_LOOP_ANALYSIS = YES;
				CLANG_WARN_STRICT_PROTOTYPES = YES;
				CLANG_WARN_SUSPICIOUS_MOVE = YES;
				CLANG_WARN_UNGUARDED_AVAILABILITY = YES_AGGRESSIVE;
				CLANG_WARN_UNREACHABLE_CODE = YES;
				CLANG_WARN__DUPLICATE_METHOD_MATCH = YES;
				COPY_PHASE_STRIP = NO;
				DEBUG_INFORMATION_FORMAT = dwarf;
				ENABLE_STRICT_OBJC_MSGSEND = YES;
				ENABLE_TESTABILITY = YES;
				GCC_C_LANGUAGE_STANDARD = gnu11;
				GCC_DYNAMIC_NO_PIC = NO;
				GCC_NO_COMMON_BLOCKS = YES;
				GCC_OPTIMIZATION_LEVEL = 0;
				GCC_PREPROCESSOR_DEFINITIONS = (
					"DEBUG=1",
					"$(inherited)",
				);
				GCC_WARN_64_TO_32_BIT_CONVERSION = YES;
				GCC_WARN_ABOUT_RETURN_TYPE = YES_ERROR;
				GCC_WARN_UNDECLARED_SELECTOR = YES;
				GCC_WARN_UNINITIALIZED_AUTOS = YES_AGGRESSIVE;
				GCC_WARN_UNUSED_FUNCTION = YES;
				GCC_WARN_UNUSED_VARIABLE = YES;
				IPHONEOS_DEPLOYMENT_TARGET = 14.4;
				MTL_ENABLE_DEBUG_INFO = INCLUDE_SOURCE;
				MTL_FAST_MATH = YES;
				ONLY_ACTIVE_ARCH = YES;
				SDKROOT = iphoneos;
				SWIFT_ACTIVE_COMPILATION_CONDITIONS = DEBUG;
				SWIFT_OPTIMIZATION_LEVEL = "-Onone";
			};
			name = Debug;
		};
		DCEEC56A25C2E9680019FBBE /* Release */ = {
			isa = XCBuildConfiguration;
			buildSettings = {
				ALWAYS_SEARCH_USER_PATHS = NO;
				CLANG_ANALYZER_NONNULL = YES;
				CLANG_ANALYZER_NUMBER_OBJECT_CONVERSION = YES_AGGRESSIVE;
				CLANG_CXX_LANGUAGE_STANDARD = "gnu++14";
				CLANG_CXX_LIBRARY = "libc++";
				CLANG_ENABLE_MODULES = YES;
				CLANG_ENABLE_OBJC_ARC = YES;
				CLANG_ENABLE_OBJC_WEAK = YES;
				CLANG_WARN_BLOCK_CAPTURE_AUTORELEASING = YES;
				CLANG_WARN_BOOL_CONVERSION = YES;
				CLANG_WARN_COMMA = YES;
				CLANG_WARN_CONSTANT_CONVERSION = YES;
				CLANG_WARN_DEPRECATED_OBJC_IMPLEMENTATIONS = YES;
				CLANG_WARN_DIRECT_OBJC_ISA_USAGE = YES_ERROR;
				CLANG_WARN_DOCUMENTATION_COMMENTS = YES;
				CLANG_WARN_EMPTY_BODY = YES;
				CLANG_WARN_ENUM_CONVERSION = YES;
				CLANG_WARN_INFINITE_RECURSION = YES;
				CLANG_WARN_INT_CONVERSION = YES;
				CLANG_WARN_NON_LITERAL_NULL_CONVERSION = YES;
				CLANG_WARN_OBJC_IMPLICIT_RETAIN_SELF = YES;
				CLANG_WARN_OBJC_LITERAL_CONVERSION = YES;
				CLANG_WARN_OBJC_ROOT_CLASS = YES_ERROR;
				CLANG_WARN_QUOTED_INCLUDE_IN_FRAMEWORK_HEADER = YES;
				CLANG_WARN_RANGE_LOOP_ANALYSIS = YES;
				CLANG_WARN_STRICT_PROTOTYPES = YES;
				CLANG_WARN_SUSPICIOUS_MOVE = YES;
				CLANG_WARN_UNGUARDED_AVAILABILITY = YES_AGGRESSIVE;
				CLANG_WARN_UNREACHABLE_CODE = YES;
				CLANG_WARN__DUPLICATE_METHOD_MATCH = YES;
				COPY_PHASE_STRIP = NO;
				DEBUG_INFORMATION_FORMAT = "dwarf-with-dsym";
				ENABLE_NS_ASSERTIONS = NO;
				ENABLE_STRICT_OBJC_MSGSEND = YES;
				GCC_C_LANGUAGE_STANDARD = gnu11;
				GCC_NO_COMMON_BLOCKS = YES;
				GCC_WARN_64_TO_32_BIT_CONVERSION = YES;
				GCC_WARN_ABOUT_RETURN_TYPE = YES_ERROR;
				GCC_WARN_UNDECLARED_SELECTOR = YES;
				GCC_WARN_UNINITIALIZED_AUTOS = YES_AGGRESSIVE;
				GCC_WARN_UNUSED_FUNCTION = YES;
				GCC_WARN_UNUSED_VARIABLE = YES;
				IPHONEOS_DEPLOYMENT_TARGET = 14.4;
				MTL_ENABLE_DEBUG_INFO = NO;
				MTL_FAST_MATH = YES;
				SDKROOT = iphoneos;
				SWIFT_COMPILATION_MODE = wholemodule;
				SWIFT_OPTIMIZATION_LEVEL = "-O";
				VALIDATE_PRODUCT = YES;
			};
			name = Release;
		};
		DCEEC56C25C2E9680019FBBE /* Debug */ = {
			isa = XCBuildConfiguration;
			buildSettings = {
				ASSETCATALOG_COMPILER_APPICON_NAME = AppIcon;
				ASSETCATALOG_COMPILER_GLOBAL_ACCENT_COLOR_NAME = AccentColor;
				CODE_SIGN_STYLE = Automatic;
				DEVELOPMENT_TEAM = 2ZY3SQBRC4;
				INFOPLIST_FILE = TripCard/Info.plist;
				LD_RUNPATH_SEARCH_PATHS = (
					"$(inherited)",
					"@executable_path/Frameworks",
				);
				PRODUCT_BUNDLE_IDENTIFIER = com.koptev.TripCard;
				PRODUCT_NAME = "$(TARGET_NAME)";
				SWIFT_VERSION = 5.0;
				TARGETED_DEVICE_FAMILY = "1,2";
			};
			name = Debug;
		};
		DCEEC56D25C2E9680019FBBE /* Release */ = {
			isa = XCBuildConfiguration;
			buildSettings = {
				ASSETCATALOG_COMPILER_APPICON_NAME = AppIcon;
				ASSETCATALOG_COMPILER_GLOBAL_ACCENT_COLOR_NAME = AccentColor;
				CODE_SIGN_STYLE = Automatic;
				DEVELOPMENT_TEAM = 2ZY3SQBRC4;
				INFOPLIST_FILE = TripCard/Info.plist;
				LD_RUNPATH_SEARCH_PATHS = (
					"$(inherited)",
					"@executable_path/Frameworks",
				);
				PRODUCT_BUNDLE_IDENTIFIER = com.koptev.TripCard;
				PRODUCT_NAME = "$(TARGET_NAME)";
				SWIFT_VERSION = 5.0;
				TARGETED_DEVICE_FAMILY = "1,2";
			};
			name = Release;
		};
/* End XCBuildConfiguration section */

/* Begin XCConfigurationList section */
		DC1AE4D425D848F100AC3FA1 /* Build configuration list for PBXNativeTarget "TripCardStickers StickerPackExtension" */ = {
			isa = XCConfigurationList;
			buildConfigurations = (
				DC1AE4D225D848F100AC3FA1 /* Debug */,
				DC1AE4D325D848F100AC3FA1 /* Release */,
			);
			defaultConfigurationIsVisible = 0;
			defaultConfigurationName = Release;
		};
		DC1AE4D525D848F100AC3FA1 /* Build configuration list for PBXNativeTarget "TripCardStickers" */ = {
			isa = XCConfigurationList;
			buildConfigurations = (
				DC1AE4CF25D848F100AC3FA1 /* Debug */,
				DC1AE4D025D848F100AC3FA1 /* Release */,
			);
			defaultConfigurationIsVisible = 0;
			defaultConfigurationName = Release;
		};
		DCEEC55225C2E9670019FBBE /* Build configuration list for PBXProject "TripCard" */ = {
			isa = XCConfigurationList;
			buildConfigurations = (
				DCEEC56925C2E9680019FBBE /* Debug */,
				DCEEC56A25C2E9680019FBBE /* Release */,
			);
			defaultConfigurationIsVisible = 0;
			defaultConfigurationName = Release;
		};
		DCEEC56B25C2E9680019FBBE /* Build configuration list for PBXNativeTarget "TripCard" */ = {
			isa = XCConfigurationList;
			buildConfigurations = (
				DCEEC56C25C2E9680019FBBE /* Debug */,
				DCEEC56D25C2E9680019FBBE /* Release */,
			);
			defaultConfigurationIsVisible = 0;
			defaultConfigurationName = Release;
		};
/* End XCConfigurationList section */
	};
	rootObject = DCEEC54F25C2E9670019FBBE /* Project object */;
}
